
Microsoft Visual Studio Solution File, Format Version 12.00
# Visual Studio Version 17
VisualStudioVersion = 17.2.32630.192
MinimumVisualStudioVersion = 10.0.40219.1
Project("{FAE04EC0-301F-11D3-BF4B-00C04F79EFBC}") = "Hw-analyzator", "Hw-analyzator\Hw-analyzator.csproj", "{ADA648CF-C302-43B4-8EE1-F628F2018E75}"
EndProject
Global
	GlobalSection(SolutionConfigurationPlatforms) = preSolution
		Debug|Any CPU = Debug|Any CPU
		Release|Any CPU = Release|Any CPU
	EndGlobalSection
	GlobalSection(ProjectConfigurationPlatforms) = postSolution
		{ADA648CF-C302-43B4-8EE1-F628F2018E75}.Debug|Any CPU.ActiveCfg = Debug|Any CPU
		{ADA648CF-C302-43B4-8EE1-F628F2018E75}.Debug|Any CPU.Build.0 = Debug|Any CPU
		{ADA648CF-C302-43B4-8EE1-F628F2018E75}.Release|Any CPU.ActiveCfg = Release|Any CPU
		{ADA648CF-C302-43B4-8EE1-F628F2018E75}.Release|Any CPU.Build.0 = Release|Any CPU
	EndGlobalSection
	GlobalSection(SolutionProperties) = preSolution
		HideSolutionNode = FALSE
	EndGlobalSection
	GlobalSection(ExtensibilityGlobals) = postSolution
		SolutionGuid = {EA7B2703-8D01-4E23-8FC0-5B6FCB6C15B8}
	EndGlobalSection
EndGlobal
